
Microsoft Visual Studio Solution File, Format Version 12.00
# Visual Studio Version 17
VisualStudioVersion = 17.3.32922.545
MinimumVisualStudioVersion = 10.0.40219.1
Project("{FAE04EC0-301F-11D3-BF4B-00C04F79EFBC}") = "Bican_Iulia_Lab2", "Bican_Iulia_Lab2\Bican_Iulia_Lab2.csproj", "{2D543117-6DC6-4A2C-AF66-954B27F55EBB}"
EndProject
Global
	GlobalSection(SolutionConfigurationPlatforms) = preSolution
		Debug|Any CPU = Debug|Any CPU
		Release|Any CPU = Release|Any CPU
	EndGlobalSection
	GlobalSection(ProjectConfigurationPlatforms) = postSolution
		{2D543117-6DC6-4A2C-AF66-954B27F55EBB}.Debug|Any CPU.ActiveCfg = Debug|Any CPU
		{2D543117-6DC6-4A2C-AF66-954B27F55EBB}.Debug|Any CPU.Build.0 = Debug|Any CPU
		{2D543117-6DC6-4A2C-AF66-954B27F55EBB}.Release|Any CPU.ActiveCfg = Release|Any CPU
		{2D543117-6DC6-4A2C-AF66-954B27F55EBB}.Release|Any CPU.Build.0 = Release|Any CPU
	EndGlobalSection
	GlobalSection(SolutionProperties) = preSolution
		HideSolutionNode = FALSE
	EndGlobalSection
	GlobalSection(ExtensibilityGlobals) = postSolution
		SolutionGuid = {F2167BBB-69AE-431E-A685-92E5514BD1CC}
	EndGlobalSection
EndGlobal
